{
  "originHash" : "ab9bd9771ca7735eb64bacdd8ba6a5dfaf3868cd2f8bb819a1a281eb179005d5",
  "pins" : [
    {
      "identity" : "ios-sdk",
      "kind" : "remoteSourceControl",
      "location" : "https://github.com/skyway/ios-sdk",
      "state" : {
        "branch" : "main",
        "revision" : "457c1eb5b3e2b0e56af282dacc9fb20629d8c8a7"
      }
    }
  ],
  "version" : 3
}
