PODS:
  - SkyWayCore (1.0.0):
    - WebRTC (= 104.0.0)
  - SkyWayRoom (1.0.0):
    - SkyWayCore (= 1.0.0)
    - SkyWaySFUBot (= 1.0.0)
  - SkyWaySFUBot (1.0.0):
    - SkyWayCore (= 1.0.0)
    - WebRTC (= 104.0.0)
  - WebRTC (104.0.0)

DEPENDENCIES:
  - SkyWayRoom (~> 1.0)

SPEC REPOS:
  "git@github.com:skyway/skyway-ios-sdk-specs.git":
    - SkyWayCore
    - SkyWayRoom
    - SkyWaySFUBot
  "git@github.com:skyway/skyway-ios-webrtc-specs.git":
    - WebRTC

SPEC CHECKSUMS:
  SkyWayCore: 39d2f0cf1b84008d1f9e0c89c59adbab8057f06f
  SkyWayRoom: 5758810af309d209b1af48dcd3f3e84a1b54ae99
  SkyWaySFUBot: 5be94fc55abdf73bb08bb8d97ead907c185dc3d5
  WebRTC: fd05beef23f834d20bfe41074c39db391505e900

PODFILE CHECKSUM: 1f168e48cf607714fde6125e6255c5c30065bde9

COCOAPODS: 1.11.3
